
Microsoft Visual Studio Solution File, Format Version 12.00
# Visual Studio Version 17
VisualStudioVersion = 17.3.32929.385
MinimumVisualStudioVersion = 10.0.40219.1
Project("{FAE04EC0-301F-11D3-BF4B-00C04F79EFBC}") = "RGMousepads", "RGMousepads\RGMousepads.csproj", "{C24D3FE3-A399-405F-971B-5D15B2CBF90F}"
EndProject
Global
	GlobalSection(SolutionConfigurationPlatforms) = preSolution
		Debug|Any CPU = Debug|Any CPU
		Release|Any CPU = Release|Any CPU
	EndGlobalSection
	GlobalSection(ProjectConfigurationPlatforms) = postSolution
		{C24D3FE3-A399-405F-971B-5D15B2CBF90F}.Debug|Any CPU.ActiveCfg = Debug|Any CPU
		{C24D3FE3-A399-405F-971B-5D15B2CBF90F}.Debug|Any CPU.Build.0 = Debug|Any CPU
		{C24D3FE3-A399-405F-971B-5D15B2CBF90F}.Release|Any CPU.ActiveCfg = Release|Any CPU
		{C24D3FE3-A399-405F-971B-5D15B2CBF90F}.Release|Any CPU.Build.0 = Release|Any CPU
	EndGlobalSection
	GlobalSection(SolutionProperties) = preSolution
		HideSolutionNode = FALSE
	EndGlobalSection
	GlobalSection(ExtensibilityGlobals) = postSolution
		SolutionGuid = {10F5CFAF-2416-4A3C-9C09-FE0F4E9836F1}
	EndGlobalSection
EndGlobal
